<?xml version="1.0" encoding="utf-8"?>
<Project ToolsVersion="4.0" xmlns="http://schemas.microsoft.com/developer/msbuild/2003">
  <ItemGroup>
    <ClCompile Include="$(MSBuildThisFileDirectory)monju\util_file.cpp">
      <Filter>ユーティリティ</Filter>
    </ClCompile>
    <ClCompile Include="$(MSBuildThisFileDirectory)monju\util_mm.cpp">
      <Filter>ユーティリティ</Filter>
    </ClCompile>
    <ClCompile Include="$(MSBuildThisFileDirectory)monju\util_str.cpp">
      <Filter>ユーティリティ</Filter>
    </ClCompile>
    <ClCompile Include="$(MSBuildThisFileDirectory)monju\MonjuException.cpp">
      <Filter>共通</Filter>
    </ClCompile>
    <ClCompile Include="$(MSBuildThisFileDirectory)monju\Synchronizable.cpp">
      <Filter>共通</Filter>
    </ClCompile>
    <ClCompile Include="$(MSBuildThisFileDirectory)monju\_GridMatrixStorage.cpp">
      <Filter>行列データ永続化</Filter>
    </ClCompile>
    <ClCompile Include="$(MSBuildThisFileDirectory)monju\_StorageGeometory.cpp">
      <Filter>行列データ永続化</Filter>
    </ClCompile>
    <ClCompile Include="$(MSBuildThisFileDirectory)monju\MatrixIterator.cpp">
      <Filter>行列データ永続化</Filter>
    </ClCompile>
    <ClCompile Include="$(MSBuildThisFileDirectory)monju\Device.cpp">
      <Filter>計算基盤%28OpenCL%29</Filter>
    </ClCompile>
    <ClCompile Include="$(MSBuildThisFileDirectory)monju\DriverBase.cpp">
      <Filter>計算基盤%28OpenCL%29</Filter>
    </ClCompile>
    <ClCompile Include="$(MSBuildThisFileDirectory)monju\VariablesBase.cpp">
      <Filter>計算基盤%28OpenCL%29</Filter>
    </ClCompile>
    <ClCompile Include="$(MSBuildThisFileDirectory)monju\Oobp3UpBuffer.cpp">
      <Filter>BESOM</Filter>
    </ClCompile>
    <ClCompile Include="$(MSBuildThisFileDirectory)monju\Oobp3UpKernel.cpp">
      <Filter>BESOM</Filter>
    </ClCompile>
    <ClCompile Include="$(MSBuildThisFileDirectory)monju\DeviceMemory.cpp">
      <Filter>計算基盤%28OpenCL%29</Filter>
    </ClCompile>
    <ClCompile Include="$(MSBuildThisFileDirectory)monju\DeviceContext.cpp">
      <Filter>計算基盤%28OpenCL%29</Filter>
    </ClCompile>
    <ClCompile Include="$(MSBuildThisFileDirectory)monju\DeviceKernel.cpp">
      <Filter>計算基盤%28OpenCL%29</Filter>
    </ClCompile>
    <ClCompile Include="$(MSBuildThisFileDirectory)monju\DeviceKernelArguments.cpp">
      <Filter>計算基盤%28OpenCL%29</Filter>
    </ClCompile>
    <ClCompile Include="$(MSBuildThisFileDirectory)monju\util_math.cpp">
      <Filter>ユーティリティ</Filter>
    </ClCompile>
    <ClCompile Include="$(MSBuildThisFileDirectory)monju\OpenClException.cpp">
      <Filter>共通</Filter>
    </ClCompile>
    <ClCompile Include="$(MSBuildThisFileDirectory)monju\DeviceProgram.cpp">
      <Filter>計算基盤%28OpenCL%29</Filter>
    </ClCompile>
    <ClCompile Include="$(MSBuildThisFileDirectory)monju\PlatformContext.cpp">
      <Filter>計算基盤%28OpenCL%29</Filter>
    </ClCompile>
    <ClCompile Include="$(MSBuildThisFileDirectory)monju\ConcurrencyContext.cpp">
      <Filter>共通</Filter>
    </ClCompile>
    <ClCompile Include="$(MSBuildThisFileDirectory)monju\PenaltyCalcTask.cpp">
      <Filter>皮質モジュール</Filter>
    </ClCompile>
    <ClCompile Include="$(MSBuildThisFileDirectory)monju\BayesianNode.cpp">
      <Filter>皮質モジュール</Filter>
    </ClCompile>
    <ClCompile Include="$(MSBuildThisFileDirectory)monju\BayesianEdge.cpp">
      <Filter>皮質モジュール</Filter>
    </ClCompile>
    <ClCompile Include="$(MSBuildThisFileDirectory)monju\GridCpt.cpp">
      <Filter>皮質モジュール</Filter>
    </ClCompile>
    <ClCompile Include="$(MSBuildThisFileDirectory)monju\BayesianNodeStat.cpp">
      <Filter>皮質モジュール</Filter>
    </ClCompile>
    <ClCompile Include="$(MSBuildThisFileDirectory)monju\BayesianEdgeStat.cpp">
      <Filter>皮質モジュール</Filter>
    </ClCompile>
    <ClCompile Include="$(MSBuildThisFileDirectory)monju\BayesianInterNodeCompute.cpp">
      <Filter>皮質モジュール</Filter>
    </ClCompile>
    <ClCompile Include="$(MSBuildThisFileDirectory)monju\BayesianEdgeDevice.cpp">
      <Filter>皮質モジュール</Filter>
    </ClCompile>
    <ClCompile Include="$(MSBuildThisFileDirectory)monju\BayesianNodeDevice.cpp">
      <Filter>皮質モジュール</Filter>
    </ClCompile>
    <ClCompile Include="$(MSBuildThisFileDirectory)monju\BayesianNodeCompute.cpp">
      <Filter>皮質モジュール</Filter>
    </ClCompile>
    <ClCompile Include="$(MSBuildThisFileDirectory)monju\_ClBuffer.cpp">
      <Filter>OpenCL</Filter>
    </ClCompile>
    <ClCompile Include="$(MSBuildThisFileDirectory)monju\_ClContext.cpp">
      <Filter>OpenCL</Filter>
    </ClCompile>
    <ClCompile Include="$(MSBuildThisFileDirectory)monju\_ClEvent.cpp">
      <Filter>OpenCL</Filter>
    </ClCompile>
    <ClCompile Include="$(MSBuildThisFileDirectory)monju\_ClKernel.cpp">
      <Filter>OpenCL</Filter>
    </ClCompile>
    <ClCompile Include="$(MSBuildThisFileDirectory)monju\_ClPlatformId.cpp">
      <Filter>OpenCL</Filter>
    </ClCompile>
    <ClCompile Include="$(MSBuildThisFileDirectory)monju\_ClProgram.cpp">
      <Filter>OpenCL</Filter>
    </ClCompile>
    <ClCompile Include="$(MSBuildThisFileDirectory)monju\_ClCommandQueue.cpp">
      <Filter>OpenCL</Filter>
    </ClCompile>
    <ClCompile Include="$(MSBuildThisFileDirectory)monju\ClKernel.cpp">
      <Filter>OpenCL</Filter>
    </ClCompile>
    <ClCompile Include="$(MSBuildThisFileDirectory)monju\ClMachine.cpp">
      <Filter>OpenCL</Filter>
    </ClCompile>
    <ClCompile Include="$(MSBuildThisFileDirectory)monju\ClDeviceContext.cpp">
      <Filter>OpenCL</Filter>
    </ClCompile>
    <ClCompile Include="$(MSBuildThisFileDirectory)monju\ClFunc.cpp">
      <Filter>OpenCL</Filter>
    </ClCompile>
    <ClCompile Include="$(MSBuildThisFileDirectory)monju\ClMemory.cpp">
      <Filter>OpenCL</Filter>
    </ClCompile>
    <ClCompile Include="$(MSBuildThisFileDirectory)monju\ClEventJoiner.cpp">
      <Filter>OpenCL</Filter>
    </ClCompile>
    <ClCompile Include="$(MSBuildThisFileDirectory)monju\Environment.cpp">
      <Filter>共通</Filter>
    </ClCompile>
    <ClCompile Include="$(MSBuildThisFileDirectory)monju\ClVariableSet.cpp">
      <Filter>OpenCLコンベンション</Filter>
    </ClCompile>
  </ItemGroup>
  <ItemGroup>
    <ClInclude Include="$(MSBuildThisFileDirectory)monju\util_eigen.h">
      <Filter>ユーティリティ</Filter>
    </ClInclude>
    <ClInclude Include="$(MSBuildThisFileDirectory)monju\util_file.h">
      <Filter>ユーティリティ</Filter>
    </ClInclude>
    <ClInclude Include="$(MSBuildThisFileDirectory)monju\util_misc.h">
      <Filter>ユーティリティ</Filter>
    </ClInclude>
    <ClInclude Include="$(MSBuildThisFileDirectory)monju\util_mm.h">
      <Filter>ユーティリティ</Filter>
    </ClInclude>
    <ClInclude Include="$(MSBuildThisFileDirectory)monju\util_str.h">
      <Filter>ユーティリティ</Filter>
    </ClInclude>
    <ClInclude Include="$(MSBuildThisFileDirectory)monju\MonjuTypes.h">
      <Filter>共通</Filter>
    </ClInclude>
    <ClInclude Include="$(MSBuildThisFileDirectory)monju\MonjuException.h">
      <Filter>共通</Filter>
    </ClInclude>
    <ClInclude Include="$(MSBuildThisFileDirectory)monju\Synchronizable.h">
      <Filter>共通</Filter>
    </ClInclude>
    <ClInclude Include="$(MSBuildThisFileDirectory)monju\_GridMatrixStorage.h">
      <Filter>行列データ永続化</Filter>
    </ClInclude>
    <ClInclude Include="$(MSBuildThisFileDirectory)monju\_StorageGeometory.h">
      <Filter>行列データ永続化</Filter>
    </ClInclude>
    <ClInclude Include="$(MSBuildThisFileDirectory)monju\GridMatrixAccessor.h">
      <Filter>行列データ永続化</Filter>
    </ClInclude>
    <ClInclude Include="$(MSBuildThisFileDirectory)monju\GridMatrixStorage.h">
      <Filter>行列データ永続化</Filter>
    </ClInclude>
    <ClInclude Include="$(MSBuildThisFileDirectory)monju\MatrixIterator.h">
      <Filter>行列データ永続化</Filter>
    </ClInclude>
    <ClInclude Include="$(MSBuildThisFileDirectory)monju\Device.h">
      <Filter>計算基盤%28OpenCL%29</Filter>
    </ClInclude>
    <ClInclude Include="$(MSBuildThisFileDirectory)monju\DriverBase.h">
      <Filter>計算基盤%28OpenCL%29</Filter>
    </ClInclude>
    <ClInclude Include="$(MSBuildThisFileDirectory)monju\VariablesBase.h">
      <Filter>計算基盤%28OpenCL%29</Filter>
    </ClInclude>
    <ClInclude Include="$(MSBuildThisFileDirectory)monju\Oobp3UpBuffer.h">
      <Filter>BESOM</Filter>
    </ClInclude>
    <ClInclude Include="$(MSBuildThisFileDirectory)monju\Oobp3UpKernel.h">
      <Filter>BESOM</Filter>
    </ClInclude>
    <ClInclude Include="$(MSBuildThisFileDirectory)monju\VariableKind.h">
      <Filter>計算基盤%28OpenCL%29</Filter>
    </ClInclude>
    <ClInclude Include="$(MSBuildThisFileDirectory)monju\DeviceMemory.h">
      <Filter>計算基盤%28OpenCL%29</Filter>
    </ClInclude>
    <ClInclude Include="$(MSBuildThisFileDirectory)monju\DeviceContext.h">
      <Filter>計算基盤%28OpenCL%29</Filter>
    </ClInclude>
    <ClInclude Include="$(MSBuildThisFileDirectory)monju\DeviceKernel.h">
      <Filter>計算基盤%28OpenCL%29</Filter>
    </ClInclude>
    <ClInclude Include="$(MSBuildThisFileDirectory)monju\DeviceKernelArguments.h">
      <Filter>計算基盤%28OpenCL%29</Filter>
    </ClInclude>
    <ClInclude Include="$(MSBuildThisFileDirectory)monju\util_math.h">
      <Filter>ユーティリティ</Filter>
    </ClInclude>
    <ClInclude Include="$(MSBuildThisFileDirectory)monju\OpenClException.h">
      <Filter>共通</Filter>
    </ClInclude>
    <ClInclude Include="$(MSBuildThisFileDirectory)monju\DeviceProgram.h">
      <Filter>計算基盤%28OpenCL%29</Filter>
    </ClInclude>
    <ClInclude Include="$(MSBuildThisFileDirectory)monju\PlatformContext.h">
      <Filter>計算基盤%28OpenCL%29</Filter>
    </ClInclude>
    <ClInclude Include="$(MSBuildThisFileDirectory)monju\Closable.h">
      <Filter>共通</Filter>
    </ClInclude>
    <ClInclude Include="$(MSBuildThisFileDirectory)monju\ConcurrencyContext.h">
      <Filter>共通</Filter>
    </ClInclude>
    <ClInclude Include="$(MSBuildThisFileDirectory)monju\PenaltyCalcTask.h">
      <Filter>皮質モジュール</Filter>
    </ClInclude>
    <ClInclude Include="$(MSBuildThisFileDirectory)monju\BayesianNode.h">
      <Filter>皮質モジュール</Filter>
    </ClInclude>
    <ClInclude Include="$(MSBuildThisFileDirectory)monju\BayesianEdge.h">
      <Filter>皮質モジュール</Filter>
    </ClInclude>
    <ClInclude Include="$(MSBuildThisFileDirectory)monju\GridCpt.h">
      <Filter>皮質モジュール</Filter>
    </ClInclude>
    <ClInclude Include="$(MSBuildThisFileDirectory)monju\BayesianNodeStat.h">
      <Filter>皮質モジュール</Filter>
    </ClInclude>
    <ClInclude Include="$(MSBuildThisFileDirectory)monju\BayesianEdgeStat.h">
      <Filter>皮質モジュール</Filter>
    </ClInclude>
    <ClInclude Include="$(MSBuildThisFileDirectory)monju\BayesianInterNodeCompute.h">
      <Filter>皮質モジュール</Filter>
    </ClInclude>
    <ClInclude Include="$(MSBuildThisFileDirectory)monju\BayesianEdgeDevice.h">
      <Filter>皮質モジュール</Filter>
    </ClInclude>
    <ClInclude Include="$(MSBuildThisFileDirectory)monju\BayesianNodeDevice.h">
      <Filter>皮質モジュール</Filter>
    </ClInclude>
    <ClInclude Include="$(MSBuildThisFileDirectory)monju\BayesianNodeCompute.h">
      <Filter>皮質モジュール</Filter>
    </ClInclude>
    <ClInclude Include="$(MSBuildThisFileDirectory)monju\_ClBuffer.h">
      <Filter>OpenCL</Filter>
    </ClInclude>
    <ClInclude Include="$(MSBuildThisFileDirectory)monju\_ClContext.h">
      <Filter>OpenCL</Filter>
    </ClInclude>
    <ClInclude Include="$(MSBuildThisFileDirectory)monju\_ClEvent.h">
      <Filter>OpenCL</Filter>
    </ClInclude>
    <ClInclude Include="$(MSBuildThisFileDirectory)monju\_ClKernel.h">
      <Filter>OpenCL</Filter>
    </ClInclude>
    <ClInclude Include="$(MSBuildThisFileDirectory)monju\_ClPlatformId.h">
      <Filter>OpenCL</Filter>
    </ClInclude>
    <ClInclude Include="$(MSBuildThisFileDirectory)monju\_ClProgram.h">
      <Filter>OpenCL</Filter>
    </ClInclude>
    <ClInclude Include="$(MSBuildThisFileDirectory)monju\_ClCommandQueue.h">
      <Filter>OpenCL</Filter>
    </ClInclude>
    <ClInclude Include="$(MSBuildThisFileDirectory)monju\ClKernel.h">
      <Filter>OpenCL</Filter>
    </ClInclude>
    <ClInclude Include="$(MSBuildThisFileDirectory)monju\ClMachine.h">
      <Filter>OpenCL</Filter>
    </ClInclude>
    <ClInclude Include="$(MSBuildThisFileDirectory)monju\ClDeviceContext.h">
      <Filter>OpenCL</Filter>
    </ClInclude>
    <ClInclude Include="$(MSBuildThisFileDirectory)monju\ClFunc.h">
      <Filter>OpenCL</Filter>
    </ClInclude>
    <ClInclude Include="$(MSBuildThisFileDirectory)monju\ClMemory.h">
      <Filter>OpenCL</Filter>
    </ClInclude>
    <ClInclude Include="$(MSBuildThisFileDirectory)monju\ClEventJoiner.h">
      <Filter>OpenCL</Filter>
    </ClInclude>
    <ClInclude Include="$(MSBuildThisFileDirectory)monju\Environment.h">
      <Filter>共通</Filter>
    </ClInclude>
    <ClInclude Include="$(MSBuildThisFileDirectory)monju\ClVariableSet.h">
      <Filter>OpenCLコンベンション</Filter>
    </ClInclude>
  </ItemGroup>
  <ItemGroup>
    <Filter Include="ユーティリティ">
      <UniqueIdentifier>{79a2dcca-bfab-4416-a541-f838005f3aba}</UniqueIdentifier>
    </Filter>
    <Filter Include="共通">
      <UniqueIdentifier>{506a4dc0-000b-42ad-8acb-3ea338da50d1}</UniqueIdentifier>
    </Filter>
    <Filter Include="行列データ永続化">
      <UniqueIdentifier>{55e423e4-bf82-4039-b80d-72cd0a659a58}</UniqueIdentifier>
    </Filter>
    <Filter Include="BESOM">
      <UniqueIdentifier>{b62f59e6-0bd9-4881-a171-1d5ade8d1d21}</UniqueIdentifier>
    </Filter>
    <Filter Include="計算基盤%28OpenCL%29">
      <UniqueIdentifier>{2e2f5d92-3a19-4a22-9544-efd498de59ed}</UniqueIdentifier>
    </Filter>
    <Filter Include="皮質モジュール">
      <UniqueIdentifier>{9bd9280e-2f53-498e-b61d-0a95d6503a40}</UniqueIdentifier>
    </Filter>
    <Filter Include="OpenCL">
      <UniqueIdentifier>{2ee00878-87f9-4c7e-9994-99c102a79d6c}</UniqueIdentifier>
    </Filter>
    <Filter Include="OpenCLコンベンション">
      <UniqueIdentifier>{c7fff8c3-5555-4004-bd4a-a4593e96c2ac}</UniqueIdentifier>
    </Filter>
  </ItemGroup>
</Project>